
Microsoft Visual Studio Solution File, Format Version 11.00
# Visual Studio 2010
Project("{FAE04EC0-301F-11D3-BF4B-00C04F79EFBC}") = "BOTTER", "BOTTER\BOTTER.csproj", "{CD000B40-7943-4AE9-BA64-21304F81445A}"
EndProject
Project("{54435603-DBB4-11D2-8724-00A0C9A8B90C}") = "BOTTER PRO", "BOTTER PRO\BOTTER PRO.vdproj", "{DC7AABF2-E853-44C0-A37B-A44150D4A4E0}"
EndProject
Global
	GlobalSection(SolutionConfigurationPlatforms) = preSolution
		Debug|x86 = Debug|x86
		Release|x86 = Release|x86
	EndGlobalSection
	GlobalSection(ProjectConfigurationPlatforms) = postSolution
		{CD000B40-7943-4AE9-BA64-21304F81445A}.Debug|x86.ActiveCfg = Debug|x86
		{CD000B40-7943-4AE9-BA64-21304F81445A}.Debug|x86.Build.0 = Debug|x86
		{CD000B40-7943-4AE9-BA64-21304F81445A}.Release|x86.ActiveCfg = Release|x86
		{CD000B40-7943-4AE9-BA64-21304F81445A}.Release|x86.Build.0 = Release|x86
		{DC7AABF2-E853-44C0-A37B-A44150D4A4E0}.Debug|x86.ActiveCfg = Debug
		{DC7AABF2-E853-44C0-A37B-A44150D4A4E0}.Release|x86.ActiveCfg = Release
	EndGlobalSection
	GlobalSection(SolutionProperties) = preSolution
		HideSolutionNode = FALSE
	EndGlobalSection
EndGlobal
